
Microsoft Visual Studio Solution File, Format Version 12.00
# Visual Studio Version 16
VisualStudioVersion = 16.0.32228.343
MinimumVisualStudioVersion = 10.0.40219.1
Project("{8BC9CEB8-8B4A-11D0-8D11-00A0C91BC942}") = "p31数据的储存浮点数存和整型存相互存取区别", "p31数据的储存浮点数存和整型存相互存取区别\p31数据的储存浮点数存和整型存相互存取区别.vcxproj", "{646D2F75-F6AC-4551-A5FA-D50E9B5DFB9B}"
EndProject
Global
	GlobalSection(SolutionConfigurationPlatforms) = preSolution
		Debug|x64 = Debug|x64
		Debug|x86 = Debug|x86
		Release|x64 = Release|x64
		Release|x86 = Release|x86
	EndGlobalSection
	GlobalSection(ProjectConfigurationPlatforms) = postSolution
		{646D2F75-F6AC-4551-A5FA-D50E9B5DFB9B}.Debug|x64.ActiveCfg = Debug|x64
		{646D2F75-F6AC-4551-A5FA-D50E9B5DFB9B}.Debug|x64.Build.0 = Debug|x64
		{646D2F75-F6AC-4551-A5FA-D50E9B5DFB9B}.Debug|x86.ActiveCfg = Debug|Win32
		{646D2F75-F6AC-4551-A5FA-D50E9B5DFB9B}.Debug|x86.Build.0 = Debug|Win32
		{646D2F75-F6AC-4551-A5FA-D50E9B5DFB9B}.Release|x64.ActiveCfg = Release|x64
		{646D2F75-F6AC-4551-A5FA-D50E9B5DFB9B}.Release|x64.Build.0 = Release|x64
		{646D2F75-F6AC-4551-A5FA-D50E9B5DFB9B}.Release|x86.ActiveCfg = Release|Win32
		{646D2F75-F6AC-4551-A5FA-D50E9B5DFB9B}.Release|x86.Build.0 = Release|Win32
	EndGlobalSection
	GlobalSection(SolutionProperties) = preSolution
		HideSolutionNode = FALSE
	EndGlobalSection
	GlobalSection(ExtensibilityGlobals) = postSolution
		SolutionGuid = {92064A6E-3590-462C-9C04-B527C6D35D78}
	EndGlobalSection
EndGlobal
