
Microsoft Visual Studio Solution File, Format Version 12.00
# Visual Studio Version 16
VisualStudioVersion = 16.0.32228.343
MinimumVisualStudioVersion = 10.0.40219.1
Project("{8BC9CEB8-8B4A-11D0-8D11-00A0C91BC942}") = "p33数组指针", "p33数组指针\p33数组指针.vcxproj", "{A64DC34E-6DDD-4939-B37B-67E7C6F92668}"
EndProject
Global
	GlobalSection(SolutionConfigurationPlatforms) = preSolution
		Debug|x64 = Debug|x64
		Debug|x86 = Debug|x86
		Release|x64 = Release|x64
		Release|x86 = Release|x86
	EndGlobalSection
	GlobalSection(ProjectConfigurationPlatforms) = postSolution
		{A64DC34E-6DDD-4939-B37B-67E7C6F92668}.Debug|x64.ActiveCfg = Debug|x64
		{A64DC34E-6DDD-4939-B37B-67E7C6F92668}.Debug|x64.Build.0 = Debug|x64
		{A64DC34E-6DDD-4939-B37B-67E7C6F92668}.Debug|x86.ActiveCfg = Debug|Win32
		{A64DC34E-6DDD-4939-B37B-67E7C6F92668}.Debug|x86.Build.0 = Debug|Win32
		{A64DC34E-6DDD-4939-B37B-67E7C6F92668}.Release|x64.ActiveCfg = Release|x64
		{A64DC34E-6DDD-4939-B37B-67E7C6F92668}.Release|x64.Build.0 = Release|x64
		{A64DC34E-6DDD-4939-B37B-67E7C6F92668}.Release|x86.ActiveCfg = Release|Win32
		{A64DC34E-6DDD-4939-B37B-67E7C6F92668}.Release|x86.Build.0 = Release|Win32
	EndGlobalSection
	GlobalSection(SolutionProperties) = preSolution
		HideSolutionNode = FALSE
	EndGlobalSection
	GlobalSection(ExtensibilityGlobals) = postSolution
		SolutionGuid = {D9C88E6F-15F1-4166-9871-B463DFDF12CB}
	EndGlobalSection
EndGlobal
