
Microsoft Visual Studio Solution File, Format Version 12.00
# Visual Studio Version 16
VisualStudioVersion = 16.0.32228.343
MinimumVisualStudioVersion = 10.0.40219.1
Project("{8BC9CEB8-8B4A-11D0-8D11-00A0C91BC942}") = "p34传参", "p34传参\p34传参.vcxproj", "{F97C92C2-51FD-4325-A9B4-36B9982BE721}"
EndProject
Global
	GlobalSection(SolutionConfigurationPlatforms) = preSolution
		Debug|x64 = Debug|x64
		Debug|x86 = Debug|x86
		Release|x64 = Release|x64
		Release|x86 = Release|x86
	EndGlobalSection
	GlobalSection(ProjectConfigurationPlatforms) = postSolution
		{F97C92C2-51FD-4325-A9B4-36B9982BE721}.Debug|x64.ActiveCfg = Debug|x64
		{F97C92C2-51FD-4325-A9B4-36B9982BE721}.Debug|x64.Build.0 = Debug|x64
		{F97C92C2-51FD-4325-A9B4-36B9982BE721}.Debug|x86.ActiveCfg = Debug|Win32
		{F97C92C2-51FD-4325-A9B4-36B9982BE721}.Debug|x86.Build.0 = Debug|Win32
		{F97C92C2-51FD-4325-A9B4-36B9982BE721}.Release|x64.ActiveCfg = Release|x64
		{F97C92C2-51FD-4325-A9B4-36B9982BE721}.Release|x64.Build.0 = Release|x64
		{F97C92C2-51FD-4325-A9B4-36B9982BE721}.Release|x86.ActiveCfg = Release|Win32
		{F97C92C2-51FD-4325-A9B4-36B9982BE721}.Release|x86.Build.0 = Release|Win32
	EndGlobalSection
	GlobalSection(SolutionProperties) = preSolution
		HideSolutionNode = FALSE
	EndGlobalSection
	GlobalSection(ExtensibilityGlobals) = postSolution
		SolutionGuid = {6AA09E33-DF26-40AA-B129-FCB733D8475E}
	EndGlobalSection
EndGlobal
