
Microsoft Visual Studio Solution File, Format Version 12.00
# Visual Studio Version 16
VisualStudioVersion = 16.0.32228.343
MinimumVisualStudioVersion = 10.0.40219.1
Project("{8BC9CEB8-8B4A-11D0-8D11-00A0C91BC942}") = "p36转移表回调函数", "p36转移表回调函数\p36转移表回调函数.vcxproj", "{B523C462-85E0-4413-B065-3C8EF119A13B}"
EndProject
Global
	GlobalSection(SolutionConfigurationPlatforms) = preSolution
		Debug|x64 = Debug|x64
		Debug|x86 = Debug|x86
		Release|x64 = Release|x64
		Release|x86 = Release|x86
	EndGlobalSection
	GlobalSection(ProjectConfigurationPlatforms) = postSolution
		{B523C462-85E0-4413-B065-3C8EF119A13B}.Debug|x64.ActiveCfg = Debug|x64
		{B523C462-85E0-4413-B065-3C8EF119A13B}.Debug|x64.Build.0 = Debug|x64
		{B523C462-85E0-4413-B065-3C8EF119A13B}.Debug|x86.ActiveCfg = Debug|Win32
		{B523C462-85E0-4413-B065-3C8EF119A13B}.Debug|x86.Build.0 = Debug|Win32
		{B523C462-85E0-4413-B065-3C8EF119A13B}.Release|x64.ActiveCfg = Release|x64
		{B523C462-85E0-4413-B065-3C8EF119A13B}.Release|x64.Build.0 = Release|x64
		{B523C462-85E0-4413-B065-3C8EF119A13B}.Release|x86.ActiveCfg = Release|Win32
		{B523C462-85E0-4413-B065-3C8EF119A13B}.Release|x86.Build.0 = Release|Win32
	EndGlobalSection
	GlobalSection(SolutionProperties) = preSolution
		HideSolutionNode = FALSE
	EndGlobalSection
	GlobalSection(ExtensibilityGlobals) = postSolution
		SolutionGuid = {D4728848-A1FB-48BB-9E5F-5C6C8C849C0F}
	EndGlobalSection
EndGlobal
