
Microsoft Visual Studio Solution File, Format Version 12.00
# Visual Studio Version 16
VisualStudioVersion = 16.0.32510.428
MinimumVisualStudioVersion = 10.0.40219.1
Project("{8BC9CEB8-8B4A-11D0-8D11-00A0C91BC942}") = "p54memmove（复制自己）、memcmp（比较字节空间大小）、memset（内存设置）", "p54memmove（复制自己）、memcmp（比较字节空间大小）、memset（内存设置）\p54memmove（复制自己）、memcmp（比较字节空间大小）、memset（内存设置）.vcxproj", "{B7A7ED7F-ACE2-48C3-91FA-34372835CB71}"
EndProject
Global
	GlobalSection(SolutionConfigurationPlatforms) = preSolution
		Debug|x64 = Debug|x64
		Debug|x86 = Debug|x86
		Release|x64 = Release|x64
		Release|x86 = Release|x86
	EndGlobalSection
	GlobalSection(ProjectConfigurationPlatforms) = postSolution
		{B7A7ED7F-ACE2-48C3-91FA-34372835CB71}.Debug|x64.ActiveCfg = Debug|x64
		{B7A7ED7F-ACE2-48C3-91FA-34372835CB71}.Debug|x64.Build.0 = Debug|x64
		{B7A7ED7F-ACE2-48C3-91FA-34372835CB71}.Debug|x86.ActiveCfg = Debug|Win32
		{B7A7ED7F-ACE2-48C3-91FA-34372835CB71}.Debug|x86.Build.0 = Debug|Win32
		{B7A7ED7F-ACE2-48C3-91FA-34372835CB71}.Release|x64.ActiveCfg = Release|x64
		{B7A7ED7F-ACE2-48C3-91FA-34372835CB71}.Release|x64.Build.0 = Release|x64
		{B7A7ED7F-ACE2-48C3-91FA-34372835CB71}.Release|x86.ActiveCfg = Release|Win32
		{B7A7ED7F-ACE2-48C3-91FA-34372835CB71}.Release|x86.Build.0 = Release|Win32
	EndGlobalSection
	GlobalSection(SolutionProperties) = preSolution
		HideSolutionNode = FALSE
	EndGlobalSection
	GlobalSection(ExtensibilityGlobals) = postSolution
		SolutionGuid = {777DB73D-630C-4D43-B05F-51AA3C4795C8}
	EndGlobalSection
EndGlobal
