
Microsoft Visual Studio Solution File, Format Version 12.00
# Visual Studio Version 16
VisualStudioVersion = 16.0.32510.428
MinimumVisualStudioVersion = 10.0.40219.1
Project("{8BC9CEB8-8B4A-11D0-8D11-00A0C91BC942}") = "p56结构体计算sizeof（s1）偏移量offsetof", "p56结构体计算sizeof（s1）偏移量offsetof\p56结构体计算sizeof（s1）偏移量offsetof.vcxproj", "{7AEE4969-160E-4A56-A9C9-487DC3F6F2D6}"
EndProject
Global
	GlobalSection(SolutionConfigurationPlatforms) = preSolution
		Debug|x64 = Debug|x64
		Debug|x86 = Debug|x86
		Release|x64 = Release|x64
		Release|x86 = Release|x86
	EndGlobalSection
	GlobalSection(ProjectConfigurationPlatforms) = postSolution
		{7AEE4969-160E-4A56-A9C9-487DC3F6F2D6}.Debug|x64.ActiveCfg = Debug|x64
		{7AEE4969-160E-4A56-A9C9-487DC3F6F2D6}.Debug|x64.Build.0 = Debug|x64
		{7AEE4969-160E-4A56-A9C9-487DC3F6F2D6}.Debug|x86.ActiveCfg = Debug|Win32
		{7AEE4969-160E-4A56-A9C9-487DC3F6F2D6}.Debug|x86.Build.0 = Debug|Win32
		{7AEE4969-160E-4A56-A9C9-487DC3F6F2D6}.Release|x64.ActiveCfg = Release|x64
		{7AEE4969-160E-4A56-A9C9-487DC3F6F2D6}.Release|x64.Build.0 = Release|x64
		{7AEE4969-160E-4A56-A9C9-487DC3F6F2D6}.Release|x86.ActiveCfg = Release|Win32
		{7AEE4969-160E-4A56-A9C9-487DC3F6F2D6}.Release|x86.Build.0 = Release|Win32
	EndGlobalSection
	GlobalSection(SolutionProperties) = preSolution
		HideSolutionNode = FALSE
	EndGlobalSection
	GlobalSection(ExtensibilityGlobals) = postSolution
		SolutionGuid = {3A2D2D0E-73EF-4BDC-9022-06B55D1B9693}
	EndGlobalSection
EndGlobal
